
Microsoft Visual Studio Solution File, Format Version 12.00
# Visual Studio Version 16
VisualStudioVersion = 16.0.32510.428
MinimumVisualStudioVersion = 10.0.40219.1
Project("{FAE04EC0-301F-11D3-BF4B-00C04F79EFBC}") = "home2Csh", "home2Csh.csproj", "{7C6AE428-0E04-4D6C-BD30-E2538A0FD8A6}"
EndProject
Global
	GlobalSection(SolutionConfigurationPlatforms) = preSolution
		Debug|Any CPU = Debug|Any CPU
		Release|Any CPU = Release|Any CPU
	EndGlobalSection
	GlobalSection(ProjectConfigurationPlatforms) = postSolution
		{7C6AE428-0E04-4D6C-BD30-E2538A0FD8A6}.Debug|Any CPU.ActiveCfg = Debug|Any CPU
		{7C6AE428-0E04-4D6C-BD30-E2538A0FD8A6}.Debug|Any CPU.Build.0 = Debug|Any CPU
		{7C6AE428-0E04-4D6C-BD30-E2538A0FD8A6}.Release|Any CPU.ActiveCfg = Release|Any CPU
		{7C6AE428-0E04-4D6C-BD30-E2538A0FD8A6}.Release|Any CPU.Build.0 = Release|Any CPU
	EndGlobalSection
	GlobalSection(SolutionProperties) = preSolution
		HideSolutionNode = FALSE
	EndGlobalSection
	GlobalSection(ExtensibilityGlobals) = postSolution
		SolutionGuid = {40BA53F1-31B5-4823-B12B-01F0EC6F9F7F}
	EndGlobalSection
EndGlobal
